
Microsoft Visual Studio Solution File, Format Version 12.00
# Visual Studio Version 16
VisualStudioVersion = 16.0.31205.134
MinimumVisualStudioVersion = 10.0.40219.1
Project("{FAE04EC0-301F-11D3-BF4B-00C04F79EFBC}") = "MySqlDB", "MySqlDB.csproj", "{7CAD2D07-BCEE-4111-9B3C-D6D21D80683C}"
EndProject
Global
	GlobalSection(SolutionConfigurationPlatforms) = preSolution
		Debug|Any CPU = Debug|Any CPU
		Release|Any CPU = Release|Any CPU
	EndGlobalSection
	GlobalSection(ProjectConfigurationPlatforms) = postSolution
		{7CAD2D07-BCEE-4111-9B3C-D6D21D80683C}.Debug|Any CPU.ActiveCfg = Debug|Any CPU
		{7CAD2D07-BCEE-4111-9B3C-D6D21D80683C}.Debug|Any CPU.Build.0 = Debug|Any CPU
		{7CAD2D07-BCEE-4111-9B3C-D6D21D80683C}.Release|Any CPU.ActiveCfg = Release|Any CPU
		{7CAD2D07-BCEE-4111-9B3C-D6D21D80683C}.Release|Any CPU.Build.0 = Release|Any CPU
	EndGlobalSection
	GlobalSection(SolutionProperties) = preSolution
		HideSolutionNode = FALSE
	EndGlobalSection
	GlobalSection(ExtensibilityGlobals) = postSolution
		SolutionGuid = {6B612B12-57E2-4152-84A0-99186C5D3C75}
	EndGlobalSection
EndGlobal
